
Microsoft Visual Studio Solution File, Format Version 12.00
# Visual Studio Version 17
VisualStudioVersion = 17.8.34408.163
MinimumVisualStudioVersion = 10.0.40219.1
Project("{FAE04EC0-301F-11D3-BF4B-00C04F79EFBC}") = "ConsoleApp1", "ConsoleApp1\ConsoleApp1.csproj", "{C0BC4495-E010-48E6-AD89-02EE51C3795D}"
EndProject
Global
	GlobalSection(SolutionConfigurationPlatforms) = preSolution
		Debug|Any CPU = Debug|Any CPU
		Release|Any CPU = Release|Any CPU
	EndGlobalSection
	GlobalSection(ProjectConfigurationPlatforms) = postSolution
		{C0BC4495-E010-48E6-AD89-02EE51C3795D}.Debug|Any CPU.ActiveCfg = Debug|Any CPU
		{C0BC4495-E010-48E6-AD89-02EE51C3795D}.Debug|Any CPU.Build.0 = Debug|Any CPU
		{C0BC4495-E010-48E6-AD89-02EE51C3795D}.Release|Any CPU.ActiveCfg = Release|Any CPU
		{C0BC4495-E010-48E6-AD89-02EE51C3795D}.Release|Any CPU.Build.0 = Release|Any CPU
	EndGlobalSection
	GlobalSection(SolutionProperties) = preSolution
		HideSolutionNode = FALSE
	EndGlobalSection
	GlobalSection(ExtensibilityGlobals) = postSolution
		SolutionGuid = {2539C766-F982-4A37-9B60-8EF72438D9BC}
	EndGlobalSection
EndGlobal
